
Microsoft Visual Studio Solution File, Format Version 12.00
# Visual Studio Version 16
VisualStudioVersion = 16.0.30621.155
MinimumVisualStudioVersion = 10.0.40219.1
Project("{F184B08F-C81C-45F6-A57F-5ABD9991F28F}") = "Cinemark", "Cinemark\Cinemark.vbproj", "{8F6A3EED-64B4-49F7-B504-3130CDF743A2}"
EndProject
Global
	GlobalSection(SolutionConfigurationPlatforms) = preSolution
		Debug|Any CPU = Debug|Any CPU
		Release|Any CPU = Release|Any CPU
	EndGlobalSection
	GlobalSection(ProjectConfigurationPlatforms) = postSolution
		{8F6A3EED-64B4-49F7-B504-3130CDF743A2}.Debug|Any CPU.ActiveCfg = Debug|Any CPU
		{8F6A3EED-64B4-49F7-B504-3130CDF743A2}.Debug|Any CPU.Build.0 = Debug|Any CPU
		{8F6A3EED-64B4-49F7-B504-3130CDF743A2}.Release|Any CPU.ActiveCfg = Release|Any CPU
		{8F6A3EED-64B4-49F7-B504-3130CDF743A2}.Release|Any CPU.Build.0 = Release|Any CPU
	EndGlobalSection
	GlobalSection(SolutionProperties) = preSolution
		HideSolutionNode = FALSE
	EndGlobalSection
	GlobalSection(ExtensibilityGlobals) = postSolution
		SolutionGuid = {D0793BAE-38CE-4048-82A3-55BD51E59614}
	EndGlobalSection
EndGlobal
